// !$*UTF8*$!
{
	archiveVersion = 1;
	classes = {
	};
	objectVersion = 56;
	objects = {

/* Begin PBXBuildFile section */
		A1000001245678900000001 /* BibleScrollApp.swift in Sources */ = {isa = PBXBuildFile; fileRef = A1000002245678900000001 /* BibleScrollApp.swift */; };
		A1000003245678900000002 /* ContentView.swift in Sources */ = {isa = PBXBuildFile; fileRef = A1000004245678900000002 /* ContentView.swift */; };
		A1000005245678900000003 /* Verse.swift in Sources */ = {isa = PBXBuildFile; fileRef = A1000006245678900000003 /* Verse.swift */; };
		A1000007245678900000004 /* Book.swift in Sources */ = {isa = PBXBuildFile; fileRef = A1000008245678900000004 /* Book.swift */; };
		A1000009245678900000005 /* Favorite.swift in Sources */ = {isa = PBXBuildFile; fileRef = A100000A245678900000005 /* Favorite.swift */; };
		A100000B245678900000006 /* Note.swift in Sources */ = {isa = PBXBuildFile; fileRef = A100000C245678900000006 /* Note.swift */; };
		A100000D245678900000007 /* BibleAPIService.swift in Sources */ = {isa = PBXBuildFile; fileRef = A100000E245678900000007 /* BibleAPIService.swift */; };
		A100000F245678900000008 /* StorageService.swift in Sources */ = {isa = PBXBuildFile; fileRef = A1000010245678900000008 /* StorageService.swift */; };
		A1000011245678900000009 /* AuthService.swift in Sources */ = {isa = PBXBuildFile; fileRef = A1000012245678900000009 /* AuthService.swift */; };
		A1000013245678900000010 /* BibleViewModel.swift in Sources */ = {isa = PBXBuildFile; fileRef = A1000014245678900000010 /* BibleViewModel.swift */; };
		A1000015245678900000011 /* FavoritesViewModel.swift in Sources */ = {isa = PBXBuildFile; fileRef = A1000016245678900000011 /* FavoritesViewModel.swift */; };
		A1000017245678900000012 /* MainScrollView.swift in Sources */ = {isa = PBXBuildFile; fileRef = A1000018245678900000012 /* MainScrollView.swift */; };
		A1000019245678900000013 /* VerseCardView.swift in Sources */ = {isa = PBXBuildFile; fileRef = A100001A245678900000013 /* VerseCardView.swift */; };
		A100001B245678900000014 /* ActionButtonsView.swift in Sources */ = {isa = PBXBuildFile; fileRef = A100001C245678900000014 /* ActionButtonsView.swift */; };
		A100001D245678900000015 /* BookPickerView.swift in Sources */ = {isa = PBXBuildFile; fileRef = A100001E245678900000015 /* BookPickerView.swift */; };
		A100001F245678900000016 /* NotesSheetView.swift in Sources */ = {isa = PBXBuildFile; fileRef = A1000020245678900000016 /* NotesSheetView.swift */; };
		A1000021245678900000017 /* Extensions.swift in Sources */ = {isa = PBXBuildFile; fileRef = A1000022245678900000017 /* Extensions.swift */; };
		A1000023245678900000018 /* Assets.xcassets in Resources */ = {isa = PBXBuildFile; fileRef = A1000024245678900000018 /* Assets.xcassets */; };
		A1000025245678900000019 /* Preview Assets.xcassets in Resources */ = {isa = PBXBuildFile; fileRef = A1000026245678900000019 /* Preview Assets.xcassets */; };
		A1000027245678900000020 /* APIConfig.swift in Sources */ = {isa = PBXBuildFile; fileRef = A1000028245678900000020 /* APIConfig.swift */; };
		A1000029245678900000021 /* FavoritesView.swift in Sources */ = {isa = PBXBuildFile; fileRef = A100002A245678900000021 /* FavoritesView.swift */; };
		A100002F245678900000024 /* NotesListView.swift in Sources */ = {isa = PBXBuildFile; fileRef = A1000030245678900000024 /* NotesListView.swift */; };
		A1000031245678900000025 /* SearchView.swift in Sources */ = {isa = PBXBuildFile; fileRef = A1000032245678900000025 /* SearchView.swift */; };
		A1000033245678900000026 /* TranslationPickerView.swift in Sources */ = {isa = PBXBuildFile; fileRef = A1000034245678900000026 /* TranslationPickerView.swift */; };
		A1000035245678900000027 /* KJVBibleData.swift in Sources */ = {isa = PBXBuildFile; fileRef = A1000036245678900000027 /* KJVBibleData.swift */; };
		A1000037245678900000028 /* kjv.json in Resources */ = {isa = PBXBuildFile; fileRef = A1000038245678900000028 /* kjv.json */; };
		A1000039245678900000029 /* RedLetterText.swift in Sources */ = {isa = PBXBuildFile; fileRef = A100003A245678900000029 /* RedLetterText.swift */; };
		A100003B245678900000030 /* AIStudyService.swift in Sources */ = {isa = PBXBuildFile; fileRef = A100003C245678900000030 /* AIStudyService.swift */; };
		A100003D245678900000031 /* AIStudyView.swift in Sources */ = {isa = PBXBuildFile; fileRef = A100003E245678900000031 /* AIStudyView.swift */; };
		A100003F245678900000032 /* TutorialView.swift in Sources */ = {isa = PBXBuildFile; fileRef = A1000040245678900000032 /* TutorialView.swift */; };
		A1000041245678900000033 /* PaywallDrawerView.swift in Sources */ = {isa = PBXBuildFile; fileRef = A1000042245678900000033 /* PaywallDrawerView.swift */; };
		A1000043245678900000034 /* SubscriptionService.swift in Sources */ = {isa = PBXBuildFile; fileRef = A1000044245678900000034 /* SubscriptionService.swift */; };
/* End PBXBuildFile section */

/* Begin PBXFileReference section */
		A1000000245678900000000 /* BibleScroll.app */ = {isa = PBXFileReference; explicitFileType = wrapper.application; includeInIndex = 0; path = BibleScroll.app; sourceTree = BUILT_PRODUCTS_DIR; };
		A1000002245678900000001 /* BibleScrollApp.swift */ = {isa = PBXFileReference; lastKnownFileType = sourcecode.swift; path = BibleScrollApp.swift; sourceTree = "<group>"; };
		A1000004245678900000002 /* ContentView.swift */ = {isa = PBXFileReference; lastKnownFileType = sourcecode.swift; path = ContentView.swift; sourceTree = "<group>"; };
		A1000006245678900000003 /* Verse.swift */ = {isa = PBXFileReference; lastKnownFileType = sourcecode.swift; path = Verse.swift; sourceTree = "<group>"; };
		A1000008245678900000004 /* Book.swift */ = {isa = PBXFileReference; lastKnownFileType = sourcecode.swift; path = Book.swift; sourceTree = "<group>"; };
		A100000A245678900000005 /* Favorite.swift */ = {isa = PBXFileReference; lastKnownFileType = sourcecode.swift; path = Favorite.swift; sourceTree = "<group>"; };
		A100000C245678900000006 /* Note.swift */ = {isa = PBXFileReference; lastKnownFileType = sourcecode.swift; path = Note.swift; sourceTree = "<group>"; };
		A100000E245678900000007 /* BibleAPIService.swift */ = {isa = PBXFileReference; lastKnownFileType = sourcecode.swift; path = BibleAPIService.swift; sourceTree = "<group>"; };
		A1000010245678900000008 /* StorageService.swift */ = {isa = PBXFileReference; lastKnownFileType = sourcecode.swift; path = StorageService.swift; sourceTree = "<group>"; };
		A1000012245678900000009 /* AuthService.swift */ = {isa = PBXFileReference; lastKnownFileType = sourcecode.swift; path = AuthService.swift; sourceTree = "<group>"; };
		A1000014245678900000010 /* BibleViewModel.swift */ = {isa = PBXFileReference; lastKnownFileType = sourcecode.swift; path = BibleViewModel.swift; sourceTree = "<group>"; };
		A1000016245678900000011 /* FavoritesViewModel.swift */ = {isa = PBXFileReference; lastKnownFileType = sourcecode.swift; path = FavoritesViewModel.swift; sourceTree = "<group>"; };
		A1000018245678900000012 /* MainScrollView.swift */ = {isa = PBXFileReference; lastKnownFileType = sourcecode.swift; path = MainScrollView.swift; sourceTree = "<group>"; };
		A100001A245678900000013 /* VerseCardView.swift */ = {isa = PBXFileReference; lastKnownFileType = sourcecode.swift; path = VerseCardView.swift; sourceTree = "<group>"; };
		A100001C245678900000014 /* ActionButtonsView.swift */ = {isa = PBXFileReference; lastKnownFileType = sourcecode.swift; path = ActionButtonsView.swift; sourceTree = "<group>"; };
		A100001E245678900000015 /* BookPickerView.swift */ = {isa = PBXFileReference; lastKnownFileType = sourcecode.swift; path = BookPickerView.swift; sourceTree = "<group>"; };
		A1000020245678900000016 /* NotesSheetView.swift */ = {isa = PBXFileReference; lastKnownFileType = sourcecode.swift; path = NotesSheetView.swift; sourceTree = "<group>"; };
		A1000022245678900000017 /* Extensions.swift */ = {isa = PBXFileReference; lastKnownFileType = sourcecode.swift; path = Extensions.swift; sourceTree = "<group>"; };
		A1000024245678900000018 /* Assets.xcassets */ = {isa = PBXFileReference; lastKnownFileType = folder.assetcatalog; path = Assets.xcassets; sourceTree = "<group>"; };
		A1000026245678900000019 /* Preview Assets.xcassets */ = {isa = PBXFileReference; lastKnownFileType = folder.assetcatalog; path = "Preview Assets.xcassets"; sourceTree = "<group>"; };
		A1000028245678900000020 /* APIConfig.swift */ = {isa = PBXFileReference; lastKnownFileType = sourcecode.swift; path = APIConfig.swift; sourceTree = "<group>"; };
		A100002A245678900000021 /* FavoritesView.swift */ = {isa = PBXFileReference; lastKnownFileType = sourcecode.swift; path = FavoritesView.swift; sourceTree = "<group>"; };
		A1000030245678900000024 /* NotesListView.swift */ = {isa = PBXFileReference; lastKnownFileType = sourcecode.swift; path = NotesListView.swift; sourceTree = "<group>"; };
		A1000032245678900000025 /* SearchView.swift */ = {isa = PBXFileReference; lastKnownFileType = sourcecode.swift; path = SearchView.swift; sourceTree = "<group>"; };
		A1000034245678900000026 /* TranslationPickerView.swift */ = {isa = PBXFileReference; lastKnownFileType = sourcecode.swift; path = TranslationPickerView.swift; sourceTree = "<group>"; };
		A1000036245678900000027 /* KJVBibleData.swift */ = {isa = PBXFileReference; lastKnownFileType = sourcecode.swift; path = KJVBibleData.swift; sourceTree = "<group>"; };
		A1000038245678900000028 /* kjv.json */ = {isa = PBXFileReference; lastKnownFileType = text.json; path = kjv.json; sourceTree = "<group>"; };
		A100003A245678900000029 /* RedLetterText.swift */ = {isa = PBXFileReference; lastKnownFileType = sourcecode.swift; path = RedLetterText.swift; sourceTree = "<group>"; };
		A100003C245678900000030 /* AIStudyService.swift */ = {isa = PBXFileReference; lastKnownFileType = sourcecode.swift; path = AIStudyService.swift; sourceTree = "<group>"; };
		A100003E245678900000031 /* AIStudyView.swift */ = {isa = PBXFileReference; lastKnownFileType = sourcecode.swift; path = AIStudyView.swift; sourceTree = "<group>"; };
		A1000040245678900000032 /* TutorialView.swift */ = {isa = PBXFileReference; lastKnownFileType = sourcecode.swift; path = TutorialView.swift; sourceTree = "<group>"; };
		A1000042245678900000033 /* PaywallDrawerView.swift */ = {isa = PBXFileReference; lastKnownFileType = sourcecode.swift; path = PaywallDrawerView.swift; sourceTree = "<group>"; };
		A1000044245678900000034 /* SubscriptionService.swift */ = {isa = PBXFileReference; lastKnownFileType = sourcecode.swift; path = SubscriptionService.swift; sourceTree = "<group>"; };
/* End PBXFileReference section */

/* Begin PBXFrameworksBuildPhase section */
		A1FFFFF0245678900000000 /* Frameworks */ = {
			isa = PBXFrameworksBuildPhase;
			buildActionMask = 2147483647;
			files = (
			);
			runOnlyForDeploymentPostprocessing = 0;
		};
/* End PBXFrameworksBuildPhase section */

/* Begin PBXGroup section */
		A1FFFFF1245678900000000 /* Products */ = {
			isa = PBXGroup;
			children = (
				A1000000245678900000000 /* BibleScroll.app */,
			);
			name = Products;
			sourceTree = "<group>";
		};
		A1FFFFF8245678900000000 /* BibleScroll */ = {
			isa = PBXGroup;
			children = (
				A1FFFFF9245678900000000 /* App */,
				A1FFFFFA245678900000000 /* Models */,
				A1FFFFFB245678900000000 /* Views */,
				A1FFFFFC245678900000000 /* ViewModels */,
				A1FFFFFD245678900000000 /* Services */,
				A1FFFFFE245678900000001 /* Utilities */,
				A1000024245678900000018 /* Assets.xcassets */,
				A1000038245678900000028 /* kjv.json */,
				A1FFFFFF245678900000000 /* Preview Content */,
			);
			path = BibleScroll;
			sourceTree = "<group>";
		};
		A1FFFFF9245678900000000 /* App */ = {
			isa = PBXGroup;
			children = (
				A1000002245678900000001 /* BibleScrollApp.swift */,
				A1000004245678900000002 /* ContentView.swift */,
			);
			path = App;
			sourceTree = "<group>";
		};
		A1FFFFFA245678900000000 /* Models */ = {
			isa = PBXGroup;
			children = (
				A1000006245678900000003 /* Verse.swift */,
				A1000008245678900000004 /* Book.swift */,
				A100000A245678900000005 /* Favorite.swift */,
				A100000C245678900000006 /* Note.swift */,
			);
			path = Models;
			sourceTree = "<group>";
		};
		A1FFFFFB245678900000000 /* Views */ = {
			isa = PBXGroup;
			children = (
				A100003E245678900000031 /* AIStudyView.swift */,
				A1000018245678900000012 /* MainScrollView.swift */,
				A100001A245678900000013 /* VerseCardView.swift */,
				A100001C245678900000014 /* ActionButtonsView.swift */,
				A100001E245678900000015 /* BookPickerView.swift */,
				A1000020245678900000016 /* NotesSheetView.swift */,
				A100002A245678900000021 /* FavoritesView.swift */,
				A1000030245678900000024 /* NotesListView.swift */,
				A1000032245678900000025 /* SearchView.swift */,
				A1000034245678900000026 /* TranslationPickerView.swift */,
				A1000040245678900000032 /* TutorialView.swift */,
				A1000042245678900000033 /* PaywallDrawerView.swift */,
			);
			path = Views;
			sourceTree = "<group>";
		};
		A1FFFFFC245678900000000 /* ViewModels */ = {
			isa = PBXGroup;
			children = (
				A1000014245678900000010 /* BibleViewModel.swift */,
				A1000016245678900000011 /* FavoritesViewModel.swift */,
			);
			path = ViewModels;
			sourceTree = "<group>";
		};
		A1FFFFFD245678900000000 /* Services */ = {
			isa = PBXGroup;
			children = (
				A1000028245678900000020 /* APIConfig.swift */,
				A100003C245678900000030 /* AIStudyService.swift */,
				A100000E245678900000007 /* BibleAPIService.swift */,
				A1000036245678900000027 /* KJVBibleData.swift */,
				A1000010245678900000008 /* StorageService.swift */,
				A1000012245678900000009 /* AuthService.swift */,
				A1000044245678900000034 /* SubscriptionService.swift */,
			);
			path = Services;
			sourceTree = "<group>";
		};
		A1FFFFFE245678900000000 = {
			isa = PBXGroup;
			children = (
				A1FFFFF8245678900000000 /* BibleScroll */,
				A1FFFFF1245678900000000 /* Products */,
			);
			sourceTree = "<group>";
		};
		A1FFFFFE245678900000001 /* Utilities */ = {
			isa = PBXGroup;
			children = (
				A1000022245678900000017 /* Extensions.swift */,
				A100003A245678900000029 /* RedLetterText.swift */,
			);
			path = Utilities;
			sourceTree = "<group>";
		};
		A1FFFFFF245678900000000 /* Preview Content */ = {
			isa = PBXGroup;
			children = (
				A1000026245678900000019 /* Preview Assets.xcassets */,
			);
			path = "Preview Content";
			sourceTree = "<group>";
		};
/* End PBXGroup section */

/* Begin PBXNativeTarget section */
		A1FFFFF2245678900000000 /* BibleScroll */ = {
			isa = PBXNativeTarget;
			buildConfigurationList = A1FFFFF5245678900000000 /* Build configuration list for PBXNativeTarget "BibleScroll" */;
			buildPhases = (
				A1FFFFEF245678900000000 /* Sources */,
				A1FFFFF0245678900000000 /* Frameworks */,
				A1FFFFF4245678900000000 /* Resources */,
			);
			buildRules = (
			);
			dependencies = (
			);
			name = BibleScroll;
			productName = BibleScroll;
			productReference = A1000000245678900000000 /* BibleScroll.app */;
			productType = "com.apple.product-type.application";
		};
/* End PBXNativeTarget section */

/* Begin PBXProject section */
		A1FFFFEE245678900000000 /* Project object */ = {
			isa = PBXProject;
			attributes = {
				BuildIndependentTargetsInParallel = 1;
				LastSwiftUpdateCheck = 1500;
				LastUpgradeCheck = 1500;
				TargetAttributes = {
					A1FFFFF2245678900000000 = {
						CreatedOnToolsVersion = 15.0;
					};
				};
			};
			buildConfigurationList = A1FFFFF3245678900000000 /* Build configuration list for PBXProject "BibleScroll" */;
			compatibilityVersion = "Xcode 14.0";
			developmentRegion = en;
			hasScannedForEncodings = 0;
			knownRegions = (
				en,
				Base,
			);
			mainGroup = A1FFFFFE245678900000000;
			productRefGroup = A1FFFFF1245678900000000 /* Products */;
			projectDirPath = "";
			projectRoot = "";
			targets = (
				A1FFFFF2245678900000000 /* BibleScroll */,
			);
		};
/* End PBXProject section */

/* Begin PBXResourcesBuildPhase section */
		A1FFFFF4245678900000000 /* Resources */ = {
			isa = PBXResourcesBuildPhase;
			buildActionMask = 2147483647;
			files = (
				A1000025245678900000019 /* Preview Assets.xcassets in Resources */,
				A1000023245678900000018 /* Assets.xcassets in Resources */,
				A1000037245678900000028 /* kjv.json in Resources */,
			);
			runOnlyForDeploymentPostprocessing = 0;
		};
/* End PBXResourcesBuildPhase section */

/* Begin PBXSourcesBuildPhase section */
		A1FFFFEF245678900000000 /* Sources */ = {
			isa = PBXSourcesBuildPhase;
			buildActionMask = 2147483647;
			files = (
				A1000001245678900000001 /* BibleScrollApp.swift in Sources */,
				A1000003245678900000002 /* ContentView.swift in Sources */,
				A1000005245678900000003 /* Verse.swift in Sources */,
				A1000007245678900000004 /* Book.swift in Sources */,
				A1000009245678900000005 /* Favorite.swift in Sources */,
				A100000B245678900000006 /* Note.swift in Sources */,
				A100000D245678900000007 /* BibleAPIService.swift in Sources */,
				A100000F245678900000008 /* StorageService.swift in Sources */,
				A1000011245678900000009 /* AuthService.swift in Sources */,
				A1000043245678900000034 /* SubscriptionService.swift in Sources */,
				A1000027245678900000020 /* APIConfig.swift in Sources */,
				A1000035245678900000027 /* KJVBibleData.swift in Sources */,
				A1000013245678900000010 /* BibleViewModel.swift in Sources */,
				A1000015245678900000011 /* FavoritesViewModel.swift in Sources */,
				A1000017245678900000012 /* MainScrollView.swift in Sources */,
				A1000019245678900000013 /* VerseCardView.swift in Sources */,
				A100001B245678900000014 /* ActionButtonsView.swift in Sources */,
				A100001D245678900000015 /* BookPickerView.swift in Sources */,
				A100001F245678900000016 /* NotesSheetView.swift in Sources */,
				A1000029245678900000021 /* FavoritesView.swift in Sources */,
				A100002F245678900000024 /* NotesListView.swift in Sources */,
				A1000031245678900000025 /* SearchView.swift in Sources */,
				A1000033245678900000026 /* TranslationPickerView.swift in Sources */,
				A1000021245678900000017 /* Extensions.swift in Sources */,
				A1000039245678900000029 /* RedLetterText.swift in Sources */,
				A100003B245678900000030 /* AIStudyService.swift in Sources */,
				A100003D245678900000031 /* AIStudyView.swift in Sources */,
				A100003F245678900000032 /* TutorialView.swift in Sources */,
				A1000041245678900000033 /* PaywallDrawerView.swift in Sources */,
			);
			runOnlyForDeploymentPostprocessing = 0;
		};
/* End PBXSourcesBuildPhase section */

/* Begin XCBuildConfiguration section */
		A1FFFFF6245678900000000 /* Debug */ = {
			isa = XCBuildConfiguration;
			buildSettings = {
				ALWAYS_SEARCH_USER_PATHS = NO;
				ASSETCATALOG_COMPILER_GENERATE_SWIFT_ASSET_SYMBOL_EXTENSIONS = YES;
				CLANG_ANALYZER_NONNULL = YES;
				CLANG_ANALYZER_NUMBER_OBJECT_CONVERSION = YES_AGGRESSIVE;
				CLANG_CXX_LANGUAGE_STANDARD = "gnu++20";
				CLANG_ENABLE_MODULES = YES;
				CLANG_ENABLE_OBJC_ARC = YES;
				CLANG_ENABLE_OBJC_WEAK = YES;
				CLANG_WARN_BLOCK_CAPTURE_AUTORELEASING = YES;
				CLANG_WARN_BOOL_CONVERSION = YES;
				CLANG_WARN_COMMA = YES;
				CLANG_WARN_CONSTANT_CONVERSION = YES;
				CLANG_WARN_DEPRECATED_OBJC_IMPLEMENTATIONS = YES;
				CLANG_WARN_DIRECT_OBJC_ISA_USAGE = YES_ERROR;
				CLANG_WARN_DOCUMENTATION_COMMENTS = YES;
				CLANG_WARN_EMPTY_BODY = YES;
				CLANG_WARN_ENUM_CONVERSION = YES;
				CLANG_WARN_INFINITE_RECURSION = YES;
				CLANG_WARN_INT_CONVERSION = YES;
				CLANG_WARN_NON_LITERAL_NULL_CONVERSION = YES;
				CLANG_WARN_OBJC_IMPLICIT_RETAIN_SELF = YES;
				CLANG_WARN_OBJC_LITERAL_CONVERSION = YES;
				CLANG_WARN_OBJC_ROOT_CLASS = YES_ERROR;
				CLANG_WARN_QUOTED_INCLUDE_IN_FRAMEWORK_HEADER = YES;
				CLANG_WARN_RANGE_LOOP_ANALYSIS = YES;
				CLANG_WARN_STRICT_PROTOTYPES = YES;
				CLANG_WARN_SUSPICIOUS_MOVE = YES;
				CLANG_WARN_UNGUARDED_AVAILABILITY = YES_AGGRESSIVE;
				CLANG_WARN_UNREACHABLE_CODE = YES;
				CLANG_WARN__DUPLICATE_METHOD_MATCH = YES;
				COPY_PHASE_STRIP = NO;
				DEBUG_INFORMATION_FORMAT = dwarf;
				ENABLE_STRICT_OBJC_MSGSEND = YES;
				ENABLE_TESTABILITY = YES;
				ENABLE_USER_SCRIPT_SANDBOXING = YES;
				GCC_C_LANGUAGE_STANDARD = gnu17;
				GCC_DYNAMIC_NO_PIC = NO;
				GCC_NO_COMMON_BLOCKS = YES;
				GCC_OPTIMIZATION_LEVEL = 0;
				GCC_PREPROCESSOR_DEFINITIONS = (
					"DEBUG=1",
					"$(inherited)",
				);
				GCC_WARN_64_TO_32_BIT_CONVERSION = YES;
				GCC_WARN_ABOUT_RETURN_TYPE = YES_ERROR;
				GCC_WARN_UNDECLARED_SELECTOR = YES;
				GCC_WARN_UNINITIALIZED_AUTOS = YES_AGGRESSIVE;
				GCC_WARN_UNUSED_FUNCTION = YES;
				GCC_WARN_UNUSED_VARIABLE = YES;
				IPHONEOS_DEPLOYMENT_TARGET = 17.0;
				LOCALIZATION_PREFERS_STRING_CATALOGS = YES;
				MTL_ENABLE_DEBUG_INFO = INCLUDE_SOURCE;
				MTL_FAST_MATH = YES;
				ONLY_ACTIVE_ARCH = YES;
				SDKROOT = iphoneos;
				SWIFT_ACTIVE_COMPILATION_CONDITIONS = "DEBUG $(inherited)";
				SWIFT_OPTIMIZATION_LEVEL = "-Onone";
			};
			name = Debug;
		};
		A1FFFFF7245678900000000 /* Release */ = {
			isa = XCBuildConfiguration;
			buildSettings = {
				ALWAYS_SEARCH_USER_PATHS = NO;
				ASSETCATALOG_COMPILER_GENERATE_SWIFT_ASSET_SYMBOL_EXTENSIONS = YES;
				CLANG_ANALYZER_NONNULL = YES;
				CLANG_ANALYZER_NUMBER_OBJECT_CONVERSION = YES_AGGRESSIVE;
				CLANG_CXX_LANGUAGE_STANDARD = "gnu++20";
				CLANG_ENABLE_MODULES = YES;
				CLANG_ENABLE_OBJC_ARC = YES;
				CLANG_ENABLE_OBJC_WEAK = YES;
				CLANG_WARN_BLOCK_CAPTURE_AUTORELEASING = YES;
				CLANG_WARN_BOOL_CONVERSION = YES;
				CLANG_WARN_COMMA = YES;
				CLANG_WARN_CONSTANT_CONVERSION = YES;
				CLANG_WARN_DEPRECATED_OBJC_IMPLEMENTATIONS = YES;
				CLANG_WARN_DIRECT_OBJC_ISA_USAGE = YES_ERROR;
				CLANG_WARN_DOCUMENTATION_COMMENTS = YES;
				CLANG_WARN_EMPTY_BODY = YES;
				CLANG_WARN_ENUM_CONVERSION = YES;
				CLANG_WARN_INFINITE_RECURSION = YES;
				CLANG_WARN_INT_CONVERSION = YES;
				CLANG_WARN_NON_LITERAL_NULL_CONVERSION = YES;
				CLANG_WARN_OBJC_IMPLICIT_RETAIN_SELF = YES;
				CLANG_WARN_OBJC_LITERAL_CONVERSION = YES;
				CLANG_WARN_OBJC_ROOT_CLASS = YES_ERROR;
				CLANG_WARN_QUOTED_INCLUDE_IN_FRAMEWORK_HEADER = YES;
				CLANG_WARN_RANGE_LOOP_ANALYSIS = YES;
				CLANG_WARN_STRICT_PROTOTYPES = YES;
				CLANG_WARN_SUSPICIOUS_MOVE = YES;
				CLANG_WARN_UNGUARDED_AVAILABILITY = YES_AGGRESSIVE;
				CLANG_WARN_UNREACHABLE_CODE = YES;
				CLANG_WARN__DUPLICATE_METHOD_MATCH = YES;
				COPY_PHASE_STRIP = NO;
				DEBUG_INFORMATION_FORMAT = "dwarf-with-dsym";
				ENABLE_NS_ASSERTIONS = NO;
				ENABLE_STRICT_OBJC_MSGSEND = YES;
				ENABLE_USER_SCRIPT_SANDBOXING = YES;
				GCC_C_LANGUAGE_STANDARD = gnu17;
				GCC_NO_COMMON_BLOCKS = YES;
				GCC_WARN_64_TO_32_BIT_CONVERSION = YES;
				GCC_WARN_ABOUT_RETURN_TYPE = YES_ERROR;
				GCC_WARN_UNDECLARED_SELECTOR = YES;
				GCC_WARN_UNINITIALIZED_AUTOS = YES_AGGRESSIVE;
				GCC_WARN_UNUSED_FUNCTION = YES;
				GCC_WARN_UNUSED_VARIABLE = YES;
				IPHONEOS_DEPLOYMENT_TARGET = 17.0;
				LOCALIZATION_PREFERS_STRING_CATALOGS = YES;
				MTL_ENABLE_DEBUG_INFO = NO;
				MTL_FAST_MATH = YES;
				SDKROOT = iphoneos;
				SWIFT_COMPILATION_MODE = wholemodule;
				VALIDATE_PRODUCT = YES;
			};
			name = Release;
		};
		A1FFFFF8245678900000001 /* Debug */ = {
			isa = XCBuildConfiguration;
			buildSettings = {
				ASSETCATALOG_COMPILER_APPICON_NAME = AppIcon;
				ASSETCATALOG_COMPILER_GLOBAL_ACCENT_COLOR_NAME = AccentColor;
				CODE_SIGN_STYLE = Automatic;
				CURRENT_PROJECT_VERSION = 2;
				DEVELOPMENT_ASSET_PATHS = "\"BibleScroll/Preview Content\"";
				DEVELOPMENT_TEAM = 39MMRPHXS2;
				ENABLE_PREVIEWS = YES;
				GENERATE_INFOPLIST_FILE = YES;
				INFOPLIST_KEY_CFBundleDisplayName = "Scroll The Bible";
				INFOPLIST_KEY_ITSAppUsesNonExemptEncryption = NO;
				INFOPLIST_KEY_LSApplicationCategoryType = "public.app-category.books";
				INFOPLIST_KEY_UIApplicationSceneManifest_Generation = YES;
				INFOPLIST_KEY_UIApplicationSupportsIndirectInputEvents = YES;
				INFOPLIST_KEY_UILaunchScreen_Generation = YES;
				INFOPLIST_KEY_UISupportedInterfaceOrientations = UIInterfaceOrientationPortrait;
				INFOPLIST_KEY_UISupportedInterfaceOrientations_iPad = "UIInterfaceOrientationLandscapeLeft UIInterfaceOrientationLandscapeRight UIInterfaceOrientationPortrait UIInterfaceOrientationPortraitUpsideDown";
				LD_RUNPATH_SEARCH_PATHS = (
					"$(inherited)",
					"@executable_path/Frameworks",
				);
				MARKETING_VERSION = 1.02;
				PRODUCT_BUNDLE_IDENTIFIER = com.gabrieljacobson.biblescroll;
				PRODUCT_NAME = "$(TARGET_NAME)";
				SUPPORTED_PLATFORMS = "iphoneos iphonesimulator";
				SUPPORTS_MACCATALYST = NO;
				SWIFT_EMIT_LOC_STRINGS = YES;
				SWIFT_VERSION = 5.0;
				TARGETED_DEVICE_FAMILY = 1;
			};
			name = Debug;
		};
		A1FFFFF9245678900000001 /* Release */ = {
			isa = XCBuildConfiguration;
			buildSettings = {
				ASSETCATALOG_COMPILER_APPICON_NAME = AppIcon;
				ASSETCATALOG_COMPILER_GLOBAL_ACCENT_COLOR_NAME = AccentColor;
				CODE_SIGN_STYLE = Automatic;
				CURRENT_PROJECT_VERSION = 2;
				DEVELOPMENT_ASSET_PATHS = "\"BibleScroll/Preview Content\"";
				DEVELOPMENT_TEAM = 39MMRPHXS2;
				ENABLE_PREVIEWS = YES;
				GENERATE_INFOPLIST_FILE = YES;
				INFOPLIST_KEY_CFBundleDisplayName = "Scroll The Bible";
				INFOPLIST_KEY_ITSAppUsesNonExemptEncryption = NO;
				INFOPLIST_KEY_LSApplicationCategoryType = "public.app-category.books";
				INFOPLIST_KEY_UIApplicationSceneManifest_Generation = YES;
				INFOPLIST_KEY_UIApplicationSupportsIndirectInputEvents = YES;
				INFOPLIST_KEY_UILaunchScreen_Generation = YES;
				INFOPLIST_KEY_UISupportedInterfaceOrientations = UIInterfaceOrientationPortrait;
				INFOPLIST_KEY_UISupportedInterfaceOrientations_iPad = "UIInterfaceOrientationLandscapeLeft UIInterfaceOrientationLandscapeRight UIInterfaceOrientationPortrait UIInterfaceOrientationPortraitUpsideDown";
				LD_RUNPATH_SEARCH_PATHS = (
					"$(inherited)",
					"@executable_path/Frameworks",
				);
				MARKETING_VERSION = 1.02;
				PRODUCT_BUNDLE_IDENTIFIER = com.gabrieljacobson.biblescroll;
				PRODUCT_NAME = "$(TARGET_NAME)";
				SUPPORTED_PLATFORMS = "iphoneos iphonesimulator";
				SUPPORTS_MACCATALYST = NO;
				SWIFT_EMIT_LOC_STRINGS = YES;
				SWIFT_VERSION = 5.0;
				TARGETED_DEVICE_FAMILY = 1;
			};
			name = Release;
		};
/* End XCBuildConfiguration section */

/* Begin XCConfigurationList section */
		A1FFFFF3245678900000000 /* Build configuration list for PBXProject "BibleScroll" */ = {
			isa = XCConfigurationList;
			buildConfigurations = (
				A1FFFFF6245678900000000 /* Debug */,
				A1FFFFF7245678900000000 /* Release */,
			);
			defaultConfigurationIsVisible = 0;
			defaultConfigurationName = Release;
		};
		A1FFFFF5245678900000000 /* Build configuration list for PBXNativeTarget "BibleScroll" */ = {
			isa = XCConfigurationList;
			buildConfigurations = (
				A1FFFFF8245678900000001 /* Debug */,
				A1FFFFF9245678900000001 /* Release */,
			);
			defaultConfigurationIsVisible = 0;
			defaultConfigurationName = Release;
		};
/* End XCConfigurationList section */
	};
	rootObject = A1FFFFEE245678900000000 /* Project object */;
}
